
Microsoft Visual Studio Solution File, Format Version 12.00
# Visual Studio Version 17
VisualStudioVersion = 17.0.31903.59
MinimumVisualStudioVersion = 10.0.40219.1
Project("{9A19103F-16F7-4668-BE54-9A1E7A4F7556}") = "reltools", "reltools\reltools.csproj", "{69B42BBC-3263-4687-8882-4DA1BD2DD769}"
EndProject
Global
	GlobalSection(SolutionConfigurationPlatforms) = preSolution
		Debug|Any CPU = Debug|Any CPU
		Debug|x64 = Debug|x64
		Debug|x86 = Debug|x86
		Release|Any CPU = Release|Any CPU
		Release|x64 = Release|x64
		Release|x86 = Release|x86
	EndGlobalSection
	GlobalSection(ProjectConfigurationPlatforms) = postSolution
		{69B42BBC-3263-4687-8882-4DA1BD2DD769}.Debug|Any CPU.ActiveCfg = Debug|Any CPU
		{69B42BBC-3263-4687-8882-4DA1BD2DD769}.Debug|Any CPU.Build.0 = Debug|Any CPU
		{69B42BBC-3263-4687-8882-4DA1BD2DD769}.Debug|x64.ActiveCfg = Debug|Any CPU
		{69B42BBC-3263-4687-8882-4DA1BD2DD769}.Debug|x64.Build.0 = Debug|Any CPU
		{69B42BBC-3263-4687-8882-4DA1BD2DD769}.Debug|x86.ActiveCfg = Debug|x86
		{69B42BBC-3263-4687-8882-4DA1BD2DD769}.Debug|x86.Build.0 = Debug|x86
		{69B42BBC-3263-4687-8882-4DA1BD2DD769}.Release|Any CPU.ActiveCfg = Release|Any CPU
		{69B42BBC-3263-4687-8882-4DA1BD2DD769}.Release|Any CPU.Build.0 = Release|Any CPU
		{69B42BBC-3263-4687-8882-4DA1BD2DD769}.Release|x64.ActiveCfg = Release|Any CPU
		{69B42BBC-3263-4687-8882-4DA1BD2DD769}.Release|x64.Build.0 = Release|Any CPU
		{69B42BBC-3263-4687-8882-4DA1BD2DD769}.Release|x86.ActiveCfg = Release|x86
		{69B42BBC-3263-4687-8882-4DA1BD2DD769}.Release|x86.Build.0 = Release|x86
	EndGlobalSection
	GlobalSection(SolutionProperties) = preSolution
		HideSolutionNode = FALSE
	EndGlobalSection
	GlobalSection(ExtensibilityGlobals) = postSolution
		SolutionGuid = {25B6D1B4-922D-47D4-9FFC-95A12D176548}
	EndGlobalSection
EndGlobal
